
Microsoft Visual Studio Solution File, Format Version 12.00
# Visual Studio Version 17
VisualStudioVersion = 17.2.32408.312
MinimumVisualStudioVersion = 10.0.40219.1
Project("{9A19103F-16F7-4668-BE54-9A1E7A4F7556}") = "LogAggregator.Backend", "LogAggregator.Backend\LogAggregator.Backend.csproj", "{8A1F5F86-9A1C-42DC-A14A-F06177F97C1C}"
EndProject
Project("{FAE04EC0-301F-11D3-BF4B-00C04F79EFBC}") = "Tests", "Tests\Tests.csproj", "{8B036256-0E9C-4B24-9856-90FFF3DEBE2B}"
EndProject
Global
	GlobalSection(SolutionConfigurationPlatforms) = preSolution
		Debug|Any CPU = Debug|Any CPU
		Release|Any CPU = Release|Any CPU
	EndGlobalSection
	GlobalSection(ProjectConfigurationPlatforms) = postSolution
		{8A1F5F86-9A1C-42DC-A14A-F06177F97C1C}.Debug|Any CPU.ActiveCfg = Debug|Any CPU
		{8A1F5F86-9A1C-42DC-A14A-F06177F97C1C}.Debug|Any CPU.Build.0 = Debug|Any CPU
		{8A1F5F86-9A1C-42DC-A14A-F06177F97C1C}.Release|Any CPU.ActiveCfg = Release|Any CPU
		{8A1F5F86-9A1C-42DC-A14A-F06177F97C1C}.Release|Any CPU.Build.0 = Release|Any CPU
		{8B036256-0E9C-4B24-9856-90FFF3DEBE2B}.Debug|Any CPU.ActiveCfg = Debug|Any CPU
		{8B036256-0E9C-4B24-9856-90FFF3DEBE2B}.Debug|Any CPU.Build.0 = Debug|Any CPU
		{8B036256-0E9C-4B24-9856-90FFF3DEBE2B}.Release|Any CPU.ActiveCfg = Release|Any CPU
		{8B036256-0E9C-4B24-9856-90FFF3DEBE2B}.Release|Any CPU.Build.0 = Release|Any CPU
	EndGlobalSection
	GlobalSection(SolutionProperties) = preSolution
		HideSolutionNode = FALSE
	EndGlobalSection
	GlobalSection(ExtensibilityGlobals) = postSolution
		SolutionGuid = {D42E8B59-E556-4F0F-8D3E-C1CF4028F6C6}
	EndGlobalSection
EndGlobal
